/Users/davidmeijer/Desktop/HARVEST_test/model_evaluation/plot/3/topk
/Users/davidmeijer/Desktop/HARVEST_test/model_evaluation/plot/3/calculate_outcomes
/Users/davidmeijer/Desktop/HARVEST_test/model_evaluation/plot/3/write_nn_tc
/Users/davidmeijer/Desktop/HARVEST_test/model_evaluation/plot/3/train_discriminator
/Users/davidmeijer/Desktop/HARVEST_test/model_evaluation/plot/3/freq_distribution
/Users/davidmeijer/Desktop/HARVEST_test/model_evaluation/plot/3/calculate_outcome_distrs
/Users/davidmeijer/Desktop/HARVEST_test/model_evaluation/plot/3/nn_tc_ever_v_never
/Users/davidmeijer/Desktop/HARVEST_test/model_evaluation/plot/3/topk_tc
/Users/davidmeijer/Desktop/HARVEST_test/model_evaluation/plot/3/forecast
/Users/davidmeijer/Desktop/HARVEST_test/model_evaluation/plot/3/structural_prior_min_freq
/Users/davidmeijer/Desktop/HARVEST_test/3/prior/structural_prior/real_lipopeptides_graph_conditioning_SMILES_min1_all_freq-avg_CV_ranks_structure.csv.gz
/Users/davidmeijer/Desktop/HARVEST_test/3/prior/structural_prior/real_lipopeptides_graph_conditioning_SMILES_min1_all_freq-avg_CV_tc.csv.gz
/Users/davidmeijer/Desktop/HARVEST_test/3/prior/inputs/train_real_lipopeptides_graph_conditioning_SMILES_all.smi
/Users/davidmeijer/Desktop/HARVEST_test/3/prior/inputs/test_real_lipopeptides_graph_conditioning_SMILES_all.smi
../tests/test_data/PubChem_truncated.tsv
/Users/davidmeijer/Desktop/HARVEST_test/3/prior/inputs/train_real_lipopeptides_graph_conditioning_SMILES_carbon_all.csv.gz
/Users/davidmeijer/Desktop/HARVEST_test/3/prior/samples/real_lipopeptides_graph_conditioning_SMILES_processed_min1_freq-avg.csv.gz
/Users/davidmeijer/Desktop/HARVEST_test/3/prior/structural_prior/real_lipopeptides_graph_conditioning_SMILES_0_CV_ranks_structure.csv.gz
/Users/davidmeijer/Desktop/HARVEST_test/3/prior/structural_prior/real_lipopeptides_graph_conditioning_SMILES_1_CV_ranks_structure.csv.gz
/Users/davidmeijer/Desktop/HARVEST_test/3/prior/structural_prior/real_lipopeptides_graph_conditioning_SMILES_2_CV_ranks_structure.csv.gz
/Users/davidmeijer/Desktop/HARVEST_test/3/prior/structural_prior/real_lipopeptides_graph_conditioning_SMILES_0_CV_tc.csv.gz
/Users/davidmeijer/Desktop/HARVEST_test/3/prior/structural_prior/real_lipopeptides_graph_conditioning_SMILES_1_CV_tc.csv.gz
/Users/davidmeijer/Desktop/HARVEST_test/3/prior/structural_prior/real_lipopeptides_graph_conditioning_SMILES_2_CV_tc.csv.gz
/Users/davidmeijer/Desktop/HARVEST_test/3/prior/inputs/train0_real_lipopeptides_graph_conditioning_SMILES_0.smi
/Users/davidmeijer/Desktop/HARVEST_test/3/prior/inputs/train0_real_lipopeptides_graph_conditioning_SMILES_1.smi
/Users/davidmeijer/Desktop/HARVEST_test/3/prior/inputs/train0_real_lipopeptides_graph_conditioning_SMILES_2.smi
/Users/davidmeijer/Desktop/HARVEST_test/3/prior/inputs/test0_real_lipopeptides_graph_conditioning_SMILES_0.smi
/Users/davidmeijer/Desktop/HARVEST_test/3/prior/inputs/test0_real_lipopeptides_graph_conditioning_SMILES_1.smi
/Users/davidmeijer/Desktop/HARVEST_test/3/prior/inputs/test0_real_lipopeptides_graph_conditioning_SMILES_2.smi
/Users/davidmeijer/Desktop/HARVEST_test/3/prior/inputs/train0_real_lipopeptides_graph_conditioning_SMILES_0_carbon.csv.gz
/Users/davidmeijer/Desktop/HARVEST_test/3/prior/inputs/train0_real_lipopeptides_graph_conditioning_SMILES_1_carbon.csv.gz
/Users/davidmeijer/Desktop/HARVEST_test/3/prior/inputs/train0_real_lipopeptides_graph_conditioning_SMILES_2_carbon.csv.gz
/Users/davidmeijer/Desktop/HARVEST_test/prior/raw/real_lipopeptides_graph_conditioning.jsonl
/Users/davidmeijer/Desktop/20260325_harvest/real_lipopeptides_graph_conditioning.jsonl
/Users/davidmeijer/Desktop/HARVEST_test/prior/raw/real_lipopeptides_graph_conditioning.jsonl
/Users/davidmeijer/Desktop/HARVEST_test/prior/raw/real_lipopeptides_graph_conditioning.jsonl
/Users/davidmeijer/Desktop/HARVEST_test/3/prior/inputs/train0_real_lipopeptides_graph_conditioning_SMILES_0.smi
/Users/davidmeijer/Desktop/HARVEST_test/3/prior/inputs/train0_real_lipopeptides_graph_conditioning_SMILES_1.smi
/Users/davidmeijer/Desktop/HARVEST_test/3/prior/inputs/train0_real_lipopeptides_graph_conditioning_SMILES_2.smi
/Users/davidmeijer/Desktop/HARVEST_test/3/prior/samples/real_lipopeptides_graph_conditioning_SMILES_0_unique_masses.csv.gz
/Users/davidmeijer/Desktop/HARVEST_test/3/prior/samples/real_lipopeptides_graph_conditioning_SMILES_1_unique_masses.csv.gz
/Users/davidmeijer/Desktop/HARVEST_test/3/prior/samples/real_lipopeptides_graph_conditioning_SMILES_2_unique_masses.csv.gz
/Users/davidmeijer/Desktop/HARVEST_test/3/prior/inputs/train0_real_lipopeptides_graph_conditioning_SMILES_0.smi
/Users/davidmeijer/Desktop/HARVEST_test/3/prior/inputs/train0_real_lipopeptides_graph_conditioning_SMILES_1.smi
/Users/davidmeijer/Desktop/HARVEST_test/3/prior/inputs/train0_real_lipopeptides_graph_conditioning_SMILES_2.smi
/Users/davidmeijer/Desktop/HARVEST_test/3/prior/samples/real_lipopeptides_graph_conditioning_SMILES_0_0_0_samples_masses.csv.gz
/Users/davidmeijer/Desktop/HARVEST_test/3/prior/samples/known_real_lipopeptides_graph_conditioning_SMILES_0_0_0_samples_masses.csv.gz
/Users/davidmeijer/Desktop/HARVEST_test/3/prior/samples/invalid_real_lipopeptides_graph_conditioning_SMILES_0_0_0_samples_masses.csv.gz
/Users/davidmeijer/Desktop/HARVEST_test/3/prior/samples/real_lipopeptides_graph_conditioning_SMILES_0_0_0_samples.csv.gz
/Users/davidmeijer/Desktop/HARVEST_test/3/prior/inputs/train0_real_lipopeptides_graph_conditioning_SMILES_0.smi
/Users/davidmeijer/Desktop/HARVEST_test/3/prior/models/real_lipopeptides_graph_conditioning_SMILES_0_0_model.pt
/Users/davidmeijer/Desktop/HARVEST_test/3/prior/inputs/train_real_lipopeptides_graph_conditioning_SMILES_0.vocabulary
/Users/davidmeijer/Desktop/HARVEST_test/3/prior/inputs/test_condition_real_lipopeptides_graph_conditioning_SMILES_0.jsonl
/Users/davidmeijer/Desktop/HARVEST_test/3/prior/inputs/train_real_lipopeptides_graph_conditioning_SMILES_0.condition_vocab.json
/Users/davidmeijer/Desktop/HARVEST_test/3/prior/inputs/train_real_lipopeptides_graph_conditioning_SMILES_0.jsonl
/Users/davidmeijer/Desktop/HARVEST_test/3/prior/inputs/train_real_lipopeptides_graph_conditioning_SMILES_0.vocabulary
/Users/davidmeijer/Desktop/HARVEST_test/3/prior/inputs/train_real_lipopeptides_graph_conditioning_SMILES_0.condition_vocab.json
/Users/davidmeijer/Desktop/HARVEST_test/3/prior/samples/real_lipopeptides_graph_conditioning_SMILES_1_0_0_samples_masses.csv.gz
/Users/davidmeijer/Desktop/HARVEST_test/3/prior/samples/known_real_lipopeptides_graph_conditioning_SMILES_1_0_0_samples_masses.csv.gz
/Users/davidmeijer/Desktop/HARVEST_test/3/prior/samples/invalid_real_lipopeptides_graph_conditioning_SMILES_1_0_0_samples_masses.csv.gz
/Users/davidmeijer/Desktop/HARVEST_test/3/prior/samples/real_lipopeptides_graph_conditioning_SMILES_1_0_0_samples.csv.gz
/Users/davidmeijer/Desktop/HARVEST_test/3/prior/inputs/train0_real_lipopeptides_graph_conditioning_SMILES_1.smi
/Users/davidmeijer/Desktop/HARVEST_test/3/prior/models/real_lipopeptides_graph_conditioning_SMILES_1_0_model.pt
/Users/davidmeijer/Desktop/HARVEST_test/3/prior/inputs/train_real_lipopeptides_graph_conditioning_SMILES_1.vocabulary
/Users/davidmeijer/Desktop/HARVEST_test/3/prior/inputs/test_condition_real_lipopeptides_graph_conditioning_SMILES_1.jsonl
/Users/davidmeijer/Desktop/HARVEST_test/3/prior/inputs/train_real_lipopeptides_graph_conditioning_SMILES_1.condition_vocab.json
/Users/davidmeijer/Desktop/HARVEST_test/3/prior/inputs/train_real_lipopeptides_graph_conditioning_SMILES_1.jsonl
/Users/davidmeijer/Desktop/HARVEST_test/3/prior/inputs/train_real_lipopeptides_graph_conditioning_SMILES_1.vocabulary
/Users/davidmeijer/Desktop/HARVEST_test/3/prior/inputs/train_real_lipopeptides_graph_conditioning_SMILES_1.condition_vocab.json
/Users/davidmeijer/Desktop/HARVEST_test/3/prior/samples/real_lipopeptides_graph_conditioning_SMILES_2_0_0_samples_masses.csv.gz
/Users/davidmeijer/Desktop/HARVEST_test/3/prior/samples/known_real_lipopeptides_graph_conditioning_SMILES_2_0_0_samples_masses.csv.gz
/Users/davidmeijer/Desktop/HARVEST_test/3/prior/samples/invalid_real_lipopeptides_graph_conditioning_SMILES_2_0_0_samples_masses.csv.gz
/Users/davidmeijer/Desktop/HARVEST_test/3/prior/samples/real_lipopeptides_graph_conditioning_SMILES_2_0_0_samples.csv.gz
/Users/davidmeijer/Desktop/HARVEST_test/3/prior/inputs/train0_real_lipopeptides_graph_conditioning_SMILES_2.smi
/Users/davidmeijer/Desktop/HARVEST_test/3/prior/models/real_lipopeptides_graph_conditioning_SMILES_2_0_model.pt
/Users/davidmeijer/Desktop/HARVEST_test/3/prior/inputs/train_real_lipopeptides_graph_conditioning_SMILES_2.vocabulary
/Users/davidmeijer/Desktop/HARVEST_test/3/prior/inputs/test_condition_real_lipopeptides_graph_conditioning_SMILES_2.jsonl
/Users/davidmeijer/Desktop/HARVEST_test/3/prior/inputs/train_real_lipopeptides_graph_conditioning_SMILES_2.condition_vocab.json
/Users/davidmeijer/Desktop/HARVEST_test/3/prior/inputs/train_real_lipopeptides_graph_conditioning_SMILES_2.jsonl
/Users/davidmeijer/Desktop/HARVEST_test/3/prior/inputs/train_real_lipopeptides_graph_conditioning_SMILES_2.vocabulary
/Users/davidmeijer/Desktop/HARVEST_test/3/prior/inputs/train_real_lipopeptides_graph_conditioning_SMILES_2.condition_vocab.json
/Users/davidmeijer/Desktop/HARVEST_test/3/prior/inputs/train0_real_lipopeptides_graph_conditioning_SMILES_0.smi
/Users/davidmeijer/Desktop/HARVEST_test/3/prior/inputs/test0_real_lipopeptides_graph_conditioning_SMILES_0.smi
../tests/test_data/PubChem_truncated.tsv
/Users/davidmeijer/Desktop/HARVEST_test/3/prior/samples/real_lipopeptides_graph_conditioning_SMILES_0_unique_masses.csv.gz
/Users/davidmeijer/Desktop/HARVEST_test/3/prior/inputs/train0_real_lipopeptides_graph_conditioning_SMILES_0_carbon.csv.gz
/Users/davidmeijer/Desktop/HARVEST_test/3/prior/inputs/train0_real_lipopeptides_graph_conditioning_SMILES_1.smi
/Users/davidmeijer/Desktop/HARVEST_test/3/prior/inputs/test0_real_lipopeptides_graph_conditioning_SMILES_1.smi
../tests/test_data/PubChem_truncated.tsv
/Users/davidmeijer/Desktop/HARVEST_test/3/prior/samples/real_lipopeptides_graph_conditioning_SMILES_1_unique_masses.csv.gz
/Users/davidmeijer/Desktop/HARVEST_test/3/prior/inputs/train0_real_lipopeptides_graph_conditioning_SMILES_1_carbon.csv.gz
/Users/davidmeijer/Desktop/HARVEST_test/3/prior/inputs/train0_real_lipopeptides_graph_conditioning_SMILES_2.smi
/Users/davidmeijer/Desktop/HARVEST_test/3/prior/inputs/test0_real_lipopeptides_graph_conditioning_SMILES_2.smi
../tests/test_data/PubChem_truncated.tsv
/Users/davidmeijer/Desktop/HARVEST_test/3/prior/samples/real_lipopeptides_graph_conditioning_SMILES_2_unique_masses.csv.gz
/Users/davidmeijer/Desktop/HARVEST_test/3/prior/inputs/train0_real_lipopeptides_graph_conditioning_SMILES_2_carbon.csv.gz
/Users/davidmeijer/Desktop/HARVEST_test/model_evaluation/3/real_lipopeptides_graph_conditioning_SMILES_0_calculate_outcomes.csv.gz
/Users/davidmeijer/Desktop/HARVEST_test/model_evaluation/3/real_lipopeptides_graph_conditioning_SMILES_1_calculate_outcomes.csv.gz
/Users/davidmeijer/Desktop/HARVEST_test/model_evaluation/3/real_lipopeptides_graph_conditioning_SMILES_2_calculate_outcomes.csv.gz
/Users/davidmeijer/Desktop/HARVEST_test/3/prior/samples/real_lipopeptides_graph_conditioning_SMILES_0_unique_masses.csv.gz
/Users/davidmeijer/Desktop/HARVEST_test/3/prior/samples/known_real_lipopeptides_graph_conditioning_SMILES_0_unique_masses.csv.gz
/Users/davidmeijer/Desktop/HARVEST_test/3/prior/samples/invalid_real_lipopeptides_graph_conditioning_SMILES_0_unique_masses.csv.gz
/Users/davidmeijer/Desktop/HARVEST_test/3/prior/inputs/train0_real_lipopeptides_graph_conditioning_SMILES_0.smi
/Users/davidmeijer/Desktop/HARVEST_test/3/prior/samples/real_lipopeptides_graph_conditioning_SMILES_1_unique_masses.csv.gz
/Users/davidmeijer/Desktop/HARVEST_test/3/prior/samples/known_real_lipopeptides_graph_conditioning_SMILES_1_unique_masses.csv.gz
/Users/davidmeijer/Desktop/HARVEST_test/3/prior/samples/invalid_real_lipopeptides_graph_conditioning_SMILES_1_unique_masses.csv.gz
/Users/davidmeijer/Desktop/HARVEST_test/3/prior/inputs/train0_real_lipopeptides_graph_conditioning_SMILES_1.smi
/Users/davidmeijer/Desktop/HARVEST_test/3/prior/samples/real_lipopeptides_graph_conditioning_SMILES_2_unique_masses.csv.gz
/Users/davidmeijer/Desktop/HARVEST_test/3/prior/samples/known_real_lipopeptides_graph_conditioning_SMILES_2_unique_masses.csv.gz
/Users/davidmeijer/Desktop/HARVEST_test/3/prior/samples/invalid_real_lipopeptides_graph_conditioning_SMILES_2_unique_masses.csv.gz
/Users/davidmeijer/Desktop/HARVEST_test/3/prior/inputs/train0_real_lipopeptides_graph_conditioning_SMILES_2.smi
/Users/davidmeijer/Desktop/HARVEST_test/model_evaluation/3/real_lipopeptides_graph_conditioning_SMILES_0_write_nn_tc.csv.gz
/Users/davidmeijer/Desktop/HARVEST_test/model_evaluation/3/real_lipopeptides_graph_conditioning_SMILES_1_write_nn_tc.csv.gz
/Users/davidmeijer/Desktop/HARVEST_test/model_evaluation/3/real_lipopeptides_graph_conditioning_SMILES_2_write_nn_tc.csv.gz
/Users/davidmeijer/Desktop/HARVEST_test/3/prior/samples/real_lipopeptides_graph_conditioning_SMILES_0_unique_masses.csv.gz
/Users/davidmeijer/Desktop/HARVEST_test/3/prior/inputs/train0_real_lipopeptides_graph_conditioning_SMILES_0.smi
../tests/test_data/PubChem_truncated.tsv
/Users/davidmeijer/Desktop/HARVEST_test/3/prior/samples/real_lipopeptides_graph_conditioning_SMILES_1_unique_masses.csv.gz
/Users/davidmeijer/Desktop/HARVEST_test/3/prior/inputs/train0_real_lipopeptides_graph_conditioning_SMILES_1.smi
../tests/test_data/PubChem_truncated.tsv
/Users/davidmeijer/Desktop/HARVEST_test/3/prior/samples/real_lipopeptides_graph_conditioning_SMILES_2_unique_masses.csv.gz
/Users/davidmeijer/Desktop/HARVEST_test/3/prior/inputs/train0_real_lipopeptides_graph_conditioning_SMILES_2.smi
../tests/test_data/PubChem_truncated.tsv
/Users/davidmeijer/Desktop/HARVEST_test/model_evaluation/3/real_lipopeptides_graph_conditioning_SMILES_0_train_discriminator.csv.gz
/Users/davidmeijer/Desktop/HARVEST_test/model_evaluation/3/real_lipopeptides_graph_conditioning_SMILES_1_train_discriminator.csv.gz
/Users/davidmeijer/Desktop/HARVEST_test/model_evaluation/3/real_lipopeptides_graph_conditioning_SMILES_2_train_discriminator.csv.gz
/Users/davidmeijer/Desktop/HARVEST_test/3/prior/inputs/train0_real_lipopeptides_graph_conditioning_SMILES_0.smi
/Users/davidmeijer/Desktop/HARVEST_test/3/prior/samples/real_lipopeptides_graph_conditioning_SMILES_0_unique_masses.csv.gz
/Users/davidmeijer/Desktop/HARVEST_test/3/prior/inputs/train0_real_lipopeptides_graph_conditioning_SMILES_1.smi
/Users/davidmeijer/Desktop/HARVEST_test/3/prior/samples/real_lipopeptides_graph_conditioning_SMILES_1_unique_masses.csv.gz
/Users/davidmeijer/Desktop/HARVEST_test/3/prior/inputs/train0_real_lipopeptides_graph_conditioning_SMILES_2.smi
/Users/davidmeijer/Desktop/HARVEST_test/3/prior/samples/real_lipopeptides_graph_conditioning_SMILES_2_unique_masses.csv.gz
/Users/davidmeijer/Desktop/HARVEST_test/model_evaluation/3/real_lipopeptides_graph_conditioning_SMILES_0_freq_distribution.csv.gz
/Users/davidmeijer/Desktop/HARVEST_test/model_evaluation/3/real_lipopeptides_graph_conditioning_SMILES_1_freq_distribution.csv.gz
/Users/davidmeijer/Desktop/HARVEST_test/model_evaluation/3/real_lipopeptides_graph_conditioning_SMILES_2_freq_distribution.csv.gz
/Users/davidmeijer/Desktop/HARVEST_test/3/prior/samples/real_lipopeptides_graph_conditioning_SMILES_0_unique_masses.csv.gz
/Users/davidmeijer/Desktop/HARVEST_test/3/prior/inputs/test0_real_lipopeptides_graph_conditioning_SMILES_0.smi
/Users/davidmeijer/Desktop/HARVEST_test/3/prior/samples/real_lipopeptides_graph_conditioning_SMILES_1_unique_masses.csv.gz
/Users/davidmeijer/Desktop/HARVEST_test/3/prior/inputs/test0_real_lipopeptides_graph_conditioning_SMILES_1.smi
/Users/davidmeijer/Desktop/HARVEST_test/3/prior/samples/real_lipopeptides_graph_conditioning_SMILES_2_unique_masses.csv.gz
/Users/davidmeijer/Desktop/HARVEST_test/3/prior/inputs/test0_real_lipopeptides_graph_conditioning_SMILES_2.smi
/Users/davidmeijer/Desktop/HARVEST_test/model_evaluation/3/real_lipopeptides_graph_conditioning_SMILES_0_calculate_outcome_distrs.csv.gz
/Users/davidmeijer/Desktop/HARVEST_test/model_evaluation/3/real_lipopeptides_graph_conditioning_SMILES_1_calculate_outcome_distrs.csv.gz
/Users/davidmeijer/Desktop/HARVEST_test/model_evaluation/3/real_lipopeptides_graph_conditioning_SMILES_2_calculate_outcome_distrs.csv.gz
/Users/davidmeijer/Desktop/HARVEST_test/3/prior/samples/real_lipopeptides_graph_conditioning_SMILES_0_unique_masses.csv.gz
/Users/davidmeijer/Desktop/HARVEST_test/3/prior/inputs/train0_real_lipopeptides_graph_conditioning_SMILES_0.smi
../tests/test_data/PubChem_truncated.tsv
/Users/davidmeijer/Desktop/HARVEST_test/3/prior/samples/real_lipopeptides_graph_conditioning_SMILES_1_unique_masses.csv.gz
/Users/davidmeijer/Desktop/HARVEST_test/3/prior/inputs/train0_real_lipopeptides_graph_conditioning_SMILES_1.smi
../tests/test_data/PubChem_truncated.tsv
/Users/davidmeijer/Desktop/HARVEST_test/3/prior/samples/real_lipopeptides_graph_conditioning_SMILES_2_unique_masses.csv.gz
/Users/davidmeijer/Desktop/HARVEST_test/3/prior/inputs/train0_real_lipopeptides_graph_conditioning_SMILES_2.smi
../tests/test_data/PubChem_truncated.tsv
/Users/davidmeijer/Desktop/HARVEST_test/model_evaluation/3/real_lipopeptides_graph_conditioning_SMILES_0_nn_tc_ever_v_never.csv.gz
/Users/davidmeijer/Desktop/HARVEST_test/model_evaluation/3/real_lipopeptides_graph_conditioning_SMILES_1_nn_tc_ever_v_never.csv.gz
/Users/davidmeijer/Desktop/HARVEST_test/model_evaluation/3/real_lipopeptides_graph_conditioning_SMILES_2_nn_tc_ever_v_never.csv.gz
/Users/davidmeijer/Desktop/HARVEST_test/3/prior/structural_prior/real_lipopeptides_graph_conditioning_SMILES_0_CV_ranks_structure.csv.gz
/Users/davidmeijer/Desktop/HARVEST_test/3/prior/structural_prior/real_lipopeptides_graph_conditioning_SMILES_1_CV_ranks_structure.csv.gz
/Users/davidmeijer/Desktop/HARVEST_test/3/prior/structural_prior/real_lipopeptides_graph_conditioning_SMILES_2_CV_ranks_structure.csv.gz
/Users/davidmeijer/Desktop/HARVEST_test/3/prior/structural_prior/real_lipopeptides_graph_conditioning_SMILES_min1_all_freq-avg_CV_ranks_structure.csv.gz
/Users/davidmeijer/Desktop/HARVEST_test/3/prior/inputs/test0_real_lipopeptides_graph_conditioning_SMILES_0.smi
/Users/davidmeijer/Desktop/HARVEST_test/3/prior/inputs/train0_real_lipopeptides_graph_conditioning_SMILES_0.smi
/Users/davidmeijer/Desktop/HARVEST_test/3/prior/inputs/test0_real_lipopeptides_graph_conditioning_SMILES_1.smi
/Users/davidmeijer/Desktop/HARVEST_test/3/prior/inputs/train0_real_lipopeptides_graph_conditioning_SMILES_1.smi
/Users/davidmeijer/Desktop/HARVEST_test/3/prior/inputs/test0_real_lipopeptides_graph_conditioning_SMILES_2.smi
/Users/davidmeijer/Desktop/HARVEST_test/3/prior/inputs/train0_real_lipopeptides_graph_conditioning_SMILES_2.smi
/Users/davidmeijer/Desktop/HARVEST_test/3/prior/structural_prior/real_lipopeptides_graph_conditioning_SMILES_min1_all_freq-avg_CV_tc.csv.gz
/Users/davidmeijer/Desktop/HARVEST_test/model_evaluation/3/real_lipopeptides_graph_conditioning_SMILES_forecast.csv
/Users/davidmeijer/Desktop/HARVEST_test/3/prior/inputs/test_real_lipopeptides_graph_conditioning_SMILES_all.smi
/Users/davidmeijer/Desktop/HARVEST_test/3/prior/samples/real_lipopeptides_graph_conditioning_SMILES_processed_min1_freq-avg.csv.gz
/Users/davidmeijer/Desktop/HARVEST_test/3/prior/structural_prior/real_lipopeptides_graph_conditioning_SMILES_min1_all_freq-avg_CV_ranks_structure.csv.gz
/Users/davidmeijer/Desktop/HARVEST_test/3/prior/structural_prior/real_lipopeptides_graph_conditioning_SMILES_min1_all_freq-avg_CV_tc.csv.gz
